
Microsoft Visual Studio Solution File, Format Version 12.00
# Visual Studio Version 17
VisualStudioVersion = 17.13.35825.156 d17.13
MinimumVisualStudioVersion = 10.0.40219.1
Project("{8BC9CEB8-8B4A-11D0-8D11-00A0C91BC942}") = "Why isn't the word Palindrome One", "Why isn't the word Palindrome One\Why isn't the word Palindrome One.vcxproj", "{F0B0AEC6-7C46-4A1A-BC00-3446B6376D9B}"
EndProject
Project("{8BC9CEB8-8B4A-11D0-8D11-00A0C91BC942}") = "Why isn't the word Palindrome One Test", "Why isn't the word Palindrome One Test\Why isn't the word Palindrome One Test.vcxproj", "{4A62D270-5176-41ED-8551-5F0D4EE19CD1}"
EndProject
Global
	GlobalSection(SolutionConfigurationPlatforms) = preSolution
		Debug|x64 = Debug|x64
		Debug|x86 = Debug|x86
		Release|x64 = Release|x64
		Release|x86 = Release|x86
	EndGlobalSection
	GlobalSection(ProjectConfigurationPlatforms) = postSolution
		{F0B0AEC6-7C46-4A1A-BC00-3446B6376D9B}.Debug|x64.ActiveCfg = Debug|x64
		{F0B0AEC6-7C46-4A1A-BC00-3446B6376D9B}.Debug|x64.Build.0 = Debug|x64
		{F0B0AEC6-7C46-4A1A-BC00-3446B6376D9B}.Debug|x86.ActiveCfg = Debug|Win32
		{F0B0AEC6-7C46-4A1A-BC00-3446B6376D9B}.Debug|x86.Build.0 = Debug|Win32
		{F0B0AEC6-7C46-4A1A-BC00-3446B6376D9B}.Release|x64.ActiveCfg = Release|x64
		{F0B0AEC6-7C46-4A1A-BC00-3446B6376D9B}.Release|x64.Build.0 = Release|x64
		{F0B0AEC6-7C46-4A1A-BC00-3446B6376D9B}.Release|x86.ActiveCfg = Release|Win32
		{F0B0AEC6-7C46-4A1A-BC00-3446B6376D9B}.Release|x86.Build.0 = Release|Win32
		{4A62D270-5176-41ED-8551-5F0D4EE19CD1}.Debug|x64.ActiveCfg = Debug|x64
		{4A62D270-5176-41ED-8551-5F0D4EE19CD1}.Debug|x64.Build.0 = Debug|x64
		{4A62D270-5176-41ED-8551-5F0D4EE19CD1}.Debug|x86.ActiveCfg = Debug|Win32
		{4A62D270-5176-41ED-8551-5F0D4EE19CD1}.Debug|x86.Build.0 = Debug|Win32
		{4A62D270-5176-41ED-8551-5F0D4EE19CD1}.Release|x64.ActiveCfg = Release|x64
		{4A62D270-5176-41ED-8551-5F0D4EE19CD1}.Release|x64.Build.0 = Release|x64
		{4A62D270-5176-41ED-8551-5F0D4EE19CD1}.Release|x86.ActiveCfg = Release|Win32
		{4A62D270-5176-41ED-8551-5F0D4EE19CD1}.Release|x86.Build.0 = Release|Win32
	EndGlobalSection
	GlobalSection(SolutionProperties) = preSolution
		HideSolutionNode = FALSE
	EndGlobalSection
	GlobalSection(ExtensibilityGlobals) = postSolution
		SolutionGuid = {69D90E28-C36B-4EAB-85B5-842BEB0C8B42}
	EndGlobalSection
EndGlobal
